
Microsoft Visual Studio Solution File, Format Version 12.00
# Visual Studio Version 17
VisualStudioVersion = 17.9.34622.214
MinimumVisualStudioVersion = 10.0.40219.1
Project("{FAE04EC0-301F-11D3-BF4B-00C04F79EFBC}") = "WebBanHang_Lab03", "WebBanHang_Lab03\WebBanHang_Lab03.csproj", "{A81AACCE-7212-4A33-8611-86604352BA1A}"
EndProject
Global
	GlobalSection(SolutionConfigurationPlatforms) = preSolution
		Debug|Any CPU = Debug|Any CPU
		Release|Any CPU = Release|Any CPU
	EndGlobalSection
	GlobalSection(ProjectConfigurationPlatforms) = postSolution
		{A81AACCE-7212-4A33-8611-86604352BA1A}.Debug|Any CPU.ActiveCfg = Debug|Any CPU
		{A81AACCE-7212-4A33-8611-86604352BA1A}.Debug|Any CPU.Build.0 = Debug|Any CPU
		{A81AACCE-7212-4A33-8611-86604352BA1A}.Release|Any CPU.ActiveCfg = Release|Any CPU
		{A81AACCE-7212-4A33-8611-86604352BA1A}.Release|Any CPU.Build.0 = Release|Any CPU
	EndGlobalSection
	GlobalSection(SolutionProperties) = preSolution
		HideSolutionNode = FALSE
	EndGlobalSection
	GlobalSection(ExtensibilityGlobals) = postSolution
		SolutionGuid = {D24024DF-B5AE-408C-BD0F-0829D69C4931}
	EndGlobalSection
EndGlobal
